{"version":4,"terraform_version":"1.11.5","serial":78,"lineage":"3c4bf0ac-16f2-5954-7b91-0baa3f5a318c","outputs":{},"resources":[{"mode":"data","type":"unifi_ap_group","name":"default","provider":"provider[\"registry.opentofu.org/ubiquiti-community/unifi\"]","instances":[{"schema_version":0,"attributes":{"device_macs":["8c:30:66:6e:ab:e0","80:2a:a8:46:ec:af"],"id":"69a98d2436f16200c0caa51e","name":"All APs","site":"default"},"sensitive_attributes":[]}]},{"mode":"data","type":"unifi_client_qos_rate","name":"default","provider":"provider[\"registry.opentofu.org/ubiquiti-community/unifi\"]","instances":[{"schema_version":0,"attributes":{"id":"69a98d2336f16200c0caa519","name":"Default","qos_rate_max_down":-1,"qos_rate_max_up":-1,"site":"default"},"sensitive_attributes":[]}]},{"mode":"managed","type":"unifi_client","name":"a56_ivone","provider":"provider[\"registry.opentofu.org/ubiquiti-community/unifi\"]","instances":[{"index_key":"wifi","schema_version":0,"attributes":{"allow_existing":true,"blocked":false,"display_name":null,"fixed_ap_mac":null,"fixed_ip":null,"groups":["Ivone"],"hostname":"A56-de-Ivone","id":"69a9c865fbb89e7fa41d6072","local_dns_record":null,"mac":"3e:58:e3:a0:10:33","name":"A56-de-Ivone","network_id":null,"note":null,"qos_rate":null,"site":"default","skip_forget_on_destroy":false},"sensitive_attributes":[]},{"index_key":"wifi2","schema_version":0,"attributes":{"allow_existing":true,"blocked":false,"display_name":null,"fixed_ap_mac":null,"fixed_ip":null,"groups":["Ivone"],"hostname":"A56-de-Ivone","id":"69addd6fef023e51a16cda3c","local_dns_record":null,"mac":"22:c6:74:72:19:10","name":"A56-de-Ivone","network_id":null,"note":null,"qos_rate":null,"site":"default","skip_forget_on_destroy":false},"sensitive_attributes":[]}]},{"mode":"managed","type":"unifi_client","name":"ac_office","provider":"provider[\"registry.opentofu.org/ubiquiti-community/unifi\"]","instances":[{"schema_version":0,"attributes":{"allow_existing":true,"blocked":false,"display_name":null,"fixed_ap_mac":null,"fixed_ip":null,"groups":["IoT"],"hostname":"LGE_AC2_open","id":"69b6bf86ef023e51a17a3022","local_dns_record":null,"mac":"44:27:45:dc:fb:ee","name":"Air Conditioner - Office","network_id":"69b5f2afef023e51a17910e7","note":null,"qos_rate":null,"site":"default","skip_forget_on_destroy":false},"sensitive_attributes":[],"dependencies":["unifi_network.iot"]}]},{"mode":"managed","type":"unifi_client","name":"apple_tv_bedroom","provider":"provider[\"registry.opentofu.org/ubiquiti-community/unifi\"]","instances":[{"schema_version":0,"attributes":{"allow_existing":true,"blocked":false,"display_name":null,"fixed_ap_mac":null,"fixed_ip":"192.168.1.202","groups":["Media"],"hostname":"Bedroom","id":"69a9b007fbb89e7fa41d3bc8","local_dns_record":null,"mac":"c4:f7:c1:0e:88:e3","name":"Apple TV - Bedroom","network_id":null,"note":null,"qos_rate":null,"site":"default","skip_forget_on_destroy":false},"sensitive_attributes":[]}]},{"mode":"managed","type":"unifi_client","name":"asus_xt8","provider":"provider[\"registry.opentofu.org/ubiquiti-community/unifi\"]","instances":[{"schema_version":0,"attributes":{"allow_existing":true,"blocked":false,"display_name":null,"fixed_ap_mac":null,"fixed_ip":"192.168.1.2","groups":["Shared"],"hostname":null,"id":"69a990c66946c204363d73c6","local_dns_record":null,"mac":"a0:36:bc:a1:0d:d0","name":"Asus XT8","network_id":null,"note":null,"qos_rate":null,"site":"default","skip_forget_on_destroy":false},"sensitive_attributes":[]}]},{"mode":"managed","type":"unifi_client","name":"bedroom_tv","provider":"provider[\"registry.opentofu.org/ubiquiti-community/unifi\"]","instances":[{"schema_version":0,"attributes":{"allow_existing":true,"blocked":false,"display_name":null,"fixed_ap_mac":null,"fixed_ip":"192.168.1.157","groups":["Media"],"hostname":"LGwebOSTV","id":"69a990c66946c204363d73c3","local_dns_record":null,"mac":"4c:ba:d7:e0:11:54","name":"Bedroom TV","network_id":null,"note":null,"qos_rate":null,"site":"default","skip_forget_on_destroy":false},"sensitive_attributes":[]}]},{"mode":"managed","type":"unifi_client","name":"carletti","provider":"provider[\"registry.opentofu.org/ubiquiti-community/unifi\"]","instances":[{"schema_version":0,"attributes":{"allow_existing":true,"blocked":false,"display_name":null,"fixed_ap_mac":null,"fixed_ip":null,"groups":["Fernando"],"hostname":"Carletti","id":"69b45a1aef023e51a176a85b","local_dns_record":null,"mac":"f8:e4:3b:04:de:e7","name":"Carletti","network_id":null,"note":null,"qos_rate":null,"site":"default","skip_forget_on_destroy":false},"sensitive_attributes":[]}]},{"mode":"managed","type":"unifi_client","name":"epson_printer","provider":"provider[\"registry.opentofu.org/ubiquiti-community/unifi\"]","instances":[{"schema_version":0,"attributes":{"allow_existing":true,"blocked":false,"display_name":null,"fixed_ap_mac":null,"fixed_ip":null,"groups":["Shared"],"hostname":"EPSON666DD0","id":"69add60bef023e51a16ccefd","local_dns_record":null,"mac":"e0:bb:9e:66:6d:d0","name":"EPSON666DD0","network_id":null,"note":null,"qos_rate":null,"site":"default","skip_forget_on_destroy":false},"sensitive_attributes":[]}]},{"mode":"managed","type":"unifi_client","name":"fernando_pc_wifi","provider":"provider[\"registry.opentofu.org/ubiquiti-community/unifi\"]","instances":[{"schema_version":0,"attributes":{"allow_existing":true,"blocked":false,"display_name":null,"fixed_ap_mac":"8c:30:66:6e:ab:e0","fixed_ip":"192.168.1.10","groups":["Fernando"],"hostname":"fernando-pc","id":"69a990c66946c204363d73c5","local_dns_record":null,"mac":"98:af:65:d3:8c:68","name":null,"network_id":null,"note":null,"qos_rate":null,"site":"default","skip_forget_on_destroy":false},"sensitive_attributes":[]}]},{"mode":"managed","type":"unifi_client","name":"fernando_pc_wired","provider":"provider[\"registry.opentofu.org/ubiquiti-community/unifi\"]","instances":[{"schema_version":0,"attributes":{"allow_existing":true,"blocked":false,"display_name":null,"fixed_ap_mac":null,"fixed_ip":"192.168.1.113","groups":["Fernando"],"hostname":"fernando-pc","id":"69b22086ef023e51a1738691","local_dns_record":null,"mac":"b4:2e:99:aa:43:80","name":null,"network_id":null,"note":null,"qos_rate":null,"site":"default","skip_forget_on_destroy":false},"sensitive_attributes":[]}]},{"mode":"managed","type":"unifi_client","name":"financeiro","provider":"provider[\"registry.opentofu.org/ubiquiti-community/unifi\"]","instances":[{"schema_version":0,"attributes":{"allow_existing":true,"blocked":false,"display_name":null,"fixed_ap_mac":null,"fixed_ip":"192.168.1.169","groups":["Ivone"],"hostname":"Financeiro","id":"69b410caef023e51a1762b1e","local_dns_record":null,"mac":"88:f4:da:27:fd:3f","name":null,"network_id":null,"note":null,"qos_rate":null,"site":"default","skip_forget_on_destroy":false},"sensitive_attributes":[]}]},{"mode":"managed","type":"unifi_client","name":"galaxy_ivone","provider":"provider[\"registry.opentofu.org/ubiquiti-community/unifi\"]","instances":[{"schema_version":0,"attributes":{"allow_existing":true,"blocked":false,"display_name":null,"fixed_ap_mac":null,"fixed_ip":null,"groups":["Ivone"],"hostname":"Galaxy-A30s-de-Ivone","id":"69adf47cef023e51a16d00bc","local_dns_record":null,"mac":"6e:27:af:04:73:46","name":"Galaxy-A30s-de-Ivone","network_id":null,"note":null,"qos_rate":null,"site":"default","skip_forget_on_destroy":false},"sensitive_attributes":[]}]},{"mode":"managed","type":"unifi_client","name":"garmin","provider":"provider[\"registry.opentofu.org/ubiquiti-community/unifi\"]","instances":[{"schema_version":0,"attributes":{"allow_existing":true,"blocked":false,"display_name":null,"fixed_ap_mac":null,"fixed_ip":null,"groups":["Fernando"],"hostname":"garmin-Forerunner255Music-0f96cd87ddda","id":"69ad849eef023e51a16c6392","local_dns_record":null,"mac":"14:13:0b:d3:0d:a7","name":"Garmin Forerunner 255 Music","network_id":null,"note":null,"qos_rate":null,"site":"default","skip_forget_on_destroy":false},"sensitive_attributes":[]}]},{"mode":"managed","type":"unifi_client","name":"google_home_bedroom","provider":"provider[\"registry.opentofu.org/ubiquiti-community/unifi\"]","instances":[{"schema_version":0,"attributes":{"allow_existing":true,"blocked":false,"display_name":null,"fixed_ap_mac":null,"fixed_ip":"192.168.1.182","groups":["Media"],"hostname":"Google-Home","id":"69a990c66946c204363d73c4","local_dns_record":null,"mac":"54:60:09:6f:21:60","name":"Google Home - Master Bedroom","network_id":null,"note":null,"qos_rate":null,"site":"default","skip_forget_on_destroy":false},"sensitive_attributes":[]}]},{"mode":"managed","type":"unifi_client","name":"google_home_office","provider":"provider[\"registry.opentofu.org/ubiquiti-community/unifi\"]","instances":[{"schema_version":0,"attributes":{"allow_existing":true,"blocked":false,"display_name":null,"fixed_ap_mac":null,"fixed_ip":"192.168.1.41","groups":["Media"],"hostname":"Google-Home-Mini","id":"69a994ed6946c204363d79df","local_dns_record":null,"mac":"30:fd:38:73:41:e7","name":"Google Home Mini - Office","network_id":null,"note":null,"qos_rate":null,"site":"default","skip_forget_on_destroy":false},"sensitive_attributes":[]}]},{"mode":"managed","type":"unifi_client","name":"google_nest_hub","provider":"provider[\"registry.opentofu.org/ubiquiti-community/unifi\"]","instances":[{"schema_version":0,"attributes":{"allow_existing":true,"blocked":false,"display_name":null,"fixed_ap_mac":null,"fixed_ip":"192.168.1.173","groups":["Media"],"hostname":null,"id":"69a990c66946c204363d73c0","local_dns_record":null,"mac":"14:c1:4e:26:81:91","name":null,"network_id":null,"note":"Google Nest Hub - Bedroom","qos_rate":null,"site":"default","skip_forget_on_destroy":false},"sensitive_attributes":[]}]},{"mode":"managed","type":"unifi_client","name":"hue_bridge","provider":"provider[\"registry.opentofu.org/ubiquiti-community/unifi\"]","instances":[{"schema_version":0,"attributes":{"allow_existing":true,"blocked":false,"display_name":null,"fixed_ap_mac":null,"fixed_ip":"192.168.10.200","groups":["IoT"],"hostname":"00178828affa","id":"69a990c66946c204363d73c2","local_dns_record":null,"mac":"00:17:88:28:af:fa","name":"Philips Hue Bridge","network_id":"69b5f2afef023e51a17910e7","note":null,"qos_rate":null,"site":"default","skip_forget_on_destroy":false},"sensitive_attributes":[],"dependencies":["unifi_network.iot"]}]},{"mode":"managed","type":"unifi_client","name":"ivone_pc","provider":"provider[\"registry.opentofu.org/ubiquiti-community/unifi\"]","instances":[{"schema_version":0,"attributes":{"allow_existing":true,"blocked":false,"display_name":null,"fixed_ap_mac":null,"fixed_ip":null,"groups":["Ivone"],"hostname":"ivone-pc","id":"69adc3f5ef023e51a16cb0c2","local_dns_record":null,"mac":"64:32:a8:54:82:83","name":"ivone-pc","network_id":null,"note":null,"qos_rate":null,"site":"default","skip_forget_on_destroy":false},"sensitive_attributes":[]}]},{"mode":"managed","type":"unifi_client","name":"kaio_g15","provider":"provider[\"registry.opentofu.org/ubiquiti-community/unifi\"]","instances":[{"schema_version":0,"attributes":{"allow_existing":true,"blocked":false,"display_name":null,"fixed_ap_mac":null,"fixed_ip":null,"groups":["Kaio"],"hostname":"Kaio_G15","id":"69ac9aeffbb89e7fa42145c0","local_dns_record":null,"mac":"f0:d4:15:78:b0:72","name":"Kaio_G15","network_id":null,"note":null,"qos_rate":null,"site":"default","skip_forget_on_destroy":false},"sensitive_attributes":[]}]},{"mode":"managed","type":"unifi_client","name":"lissa_ipad","provider":"provider[\"registry.opentofu.org/ubiquiti-community/unifi\"]","instances":[{"schema_version":0,"attributes":{"allow_existing":true,"blocked":false,"display_name":null,"fixed_ap_mac":null,"fixed_ip":"192.168.1.79","groups":["Lissa"],"hostname":"Lissas-iPad","id":"69b1e34fef023e51a173251d","local_dns_record":null,"mac":"50:57:8a:55:00:c9","name":null,"network_id":null,"note":null,"qos_rate":null,"site":"default","skip_forget_on_destroy":false},"sensitive_attributes":[]}]},{"mode":"managed","type":"unifi_client","name":"lissa_iphone","provider":"provider[\"registry.opentofu.org/ubiquiti-community/unifi\"]","instances":[{"schema_version":0,"attributes":{"allow_existing":true,"blocked":false,"display_name":null,"fixed_ap_mac":null,"fixed_ip":"192.168.1.93","groups":["Lissa"],"hostname":"Lissas-iPhone","id":"69a990c66946c204363d73c8","local_dns_record":null,"mac":"a4:f9:21:b8:eb:5c","name":"Lissa iPhone","network_id":null,"note":null,"qos_rate":null,"site":"default","skip_forget_on_destroy":false},"sensitive_attributes":[]}]},{"mode":"managed","type":"unifi_client","name":"lissa_kindle","provider":"provider[\"registry.opentofu.org/ubiquiti-community/unifi\"]","instances":[{"schema_version":0,"attributes":{"allow_existing":true,"blocked":false,"display_name":null,"fixed_ap_mac":null,"fixed_ip":null,"groups":["Lissa"],"hostname":null,"id":"69aa907efbb89e7fa41e90ed","local_dns_record":null,"mac":"20:a1:71:fe:0f:e1","name":"Lissa Kindle","network_id":null,"note":null,"qos_rate":null,"site":"default","skip_forget_on_destroy":false},"sensitive_attributes":[]}]},{"mode":"managed","type":"unifi_client","name":"lissa_macbook","provider":"provider[\"registry.opentofu.org/ubiquiti-community/unifi\"]","instances":[{"index_key":"wifi","schema_version":0,"attributes":{"allow_existing":true,"blocked":false,"display_name":null,"fixed_ap_mac":null,"fixed_ip":"192.168.1.168","groups":["Lissa"],"hostname":"Mac","id":"69aad5a0fbb89e7fa41ee35b","local_dns_record":null,"mac":"2e:75:7d:37:c9:6b","name":"Lissa MacBook","network_id":null,"note":null,"qos_rate":null,"site":"default","skip_forget_on_destroy":false},"sensitive_attributes":[]},{"index_key":"wired","schema_version":0,"attributes":{"allow_existing":true,"blocked":false,"display_name":null,"fixed_ap_mac":null,"fixed_ip":"192.168.1.208","groups":["Lissa"],"hostname":"MacBook-Pro","id":"69a9e803fbb89e7fa41d9854","local_dns_record":null,"mac":"80:69:1a:8c:92:f4","name":"Lissa MacBook","network_id":null,"note":null,"qos_rate":null,"site":"default","skip_forget_on_destroy":false},"sensitive_attributes":[]}]},{"mode":"managed","type":"unifi_client","name":"nest_cam","provider":"provider[\"registry.opentofu.org/ubiquiti-community/unifi\"]","instances":[{"schema_version":0,"attributes":{"allow_existing":true,"blocked":false,"display_name":null,"fixed_ap_mac":null,"fixed_ip":null,"groups":["IoT"],"hostname":null,"id":"69b6c247ef023e51a17a3698","local_dns_record":null,"mac":"18:b4:30:61:94:3b","name":"Nest Cam Indoor","network_id":"69b5f2afef023e51a17910e7","note":null,"qos_rate":null,"site":"default","skip_forget_on_destroy":false},"sensitive_attributes":[],"dependencies":["unifi_network.iot"]}]},{"mode":"managed","type":"unifi_client","name":"nokia_scale","provider":"provider[\"registry.opentofu.org/ubiquiti-community/unifi\"]","instances":[{"schema_version":0,"attributes":{"allow_existing":true,"blocked":false,"display_name":null,"fixed_ap_mac":null,"fixed_ip":null,"groups":["IoT"],"hostname":null,"id":"69aa7aaefbb89e7fa41e7c30","local_dns_record":null,"mac":"00:24:e4:7e:28:32","name":"Nokia Body Scale","network_id":"69b5f2afef023e51a17910e7","note":null,"qos_rate":null,"site":"default","skip_forget_on_destroy":false},"sensitive_attributes":[],"dependencies":["unifi_network.iot"]}]},{"mode":"managed","type":"unifi_client","name":"roku_express","provider":"provider[\"registry.opentofu.org/ubiquiti-community/unifi\"]","instances":[{"schema_version":0,"attributes":{"allow_existing":true,"blocked":false,"display_name":null,"fixed_ap_mac":null,"fixed_ip":"192.168.1.85","groups":["Media"],"hostname":"Express","id":"69a990c76946c204363d73c9","local_dns_record":null,"mac":"d8:31:34:22:4d:eb","name":"Roku Express","network_id":null,"note":null,"qos_rate":null,"site":"default","skip_forget_on_destroy":false},"sensitive_attributes":[]}]},{"mode":"managed","type":"unifi_client","name":"roomba","provider":"provider[\"registry.opentofu.org/ubiquiti-community/unifi\"]","instances":[{"schema_version":0,"attributes":{"allow_existing":true,"blocked":false,"display_name":null,"fixed_ap_mac":null,"fixed_ip":null,"groups":["IoT"],"hostname":"iRobot-AE2AC9914A124C31B06F6945DA6CFF1D","id":"69a990ae6946c204363d73b8","local_dns_record":null,"mac":"4c:b9:ea:35:a3:5a","name":"Roomba","network_id":"69b5f2afef023e51a17910e7","note":null,"qos_rate":null,"site":"default","skip_forget_on_destroy":false},"sensitive_attributes":[],"dependencies":["unifi_network.iot"]}]},{"mode":"managed","type":"unifi_client","name":"syntage_macbook","provider":"provider[\"registry.opentofu.org/ubiquiti-community/unifi\"]","instances":[{"index_key":"wifi","schema_version":0,"attributes":{"allow_existing":true,"blocked":false,"display_name":null,"fixed_ap_mac":null,"fixed_ip":"192.168.1.12","groups":["Fernando"],"hostname":"Mac","id":"69a992ab6946c204363d76bc","local_dns_record":null,"mac":"82:6f:a6:54:50:3c","name":"Syntage MacBook","network_id":null,"note":null,"qos_rate":null,"site":"default","skip_forget_on_destroy":false},"sensitive_attributes":[]},{"index_key":"wifi2","schema_version":0,"attributes":{"allow_existing":true,"blocked":false,"display_name":null,"fixed_ap_mac":null,"fixed_ip":null,"groups":["Fernando"],"hostname":"Carletti","id":"69ab217cfbb89e7fa41f7000","local_dns_record":null,"mac":"84:2f:57:cc:8f:fb","name":"Syntage MacBook","network_id":null,"note":null,"qos_rate":null,"site":"default","skip_forget_on_destroy":false},"sensitive_attributes":[]}]},{"mode":"managed","type":"unifi_client","name":"velvet","provider":"provider[\"registry.opentofu.org/ubiquiti-community/unifi\"]","instances":[{"schema_version":0,"attributes":{"allow_existing":true,"blocked":false,"display_name":null,"fixed_ap_mac":null,"fixed_ip":null,"groups":["Igor"],"hostname":"VELVET","id":"69ab030cfbb89e7fa41f36ab","local_dns_record":null,"mac":"48:90:2f:da:33:b8","name":"VELVET","network_id":null,"note":null,"qos_rate":null,"site":"default","skip_forget_on_destroy":false},"sensitive_attributes":[]}]},{"mode":"managed","type":"unifi_client","name":"xuru_book","provider":"provider[\"registry.opentofu.org/ubiquiti-community/unifi\"]","instances":[{"schema_version":0,"attributes":{"allow_existing":true,"blocked":false,"display_name":null,"fixed_ap_mac":null,"fixed_ip":"192.168.1.11","groups":["Fernando"],"hostname":"XuruBook","id":"69a994ed6946c204363d79e0","local_dns_record":null,"mac":"bc:d0:74:51:58:ac","name":null,"network_id":null,"note":null,"qos_rate":null,"site":"default","skip_forget_on_destroy":false},"sensitive_attributes":[]}]},{"mode":"managed","type":"unifi_client","name":"xuru_kindle","provider":"provider[\"registry.opentofu.org/ubiquiti-community/unifi\"]","instances":[{"schema_version":0,"attributes":{"allow_existing":true,"blocked":false,"display_name":null,"fixed_ap_mac":null,"fixed_ip":null,"groups":["Fernando"],"hostname":null,"id":"69b6dba0ef023e51a17a65e0","local_dns_record":null,"mac":"dc:91:bf:99:64:32","name":"XuruKindle","network_id":null,"note":null,"qos_rate":null,"site":"default","skip_forget_on_destroy":false},"sensitive_attributes":[]}]},{"mode":"managed","type":"unifi_client","name":"xuru_pad","provider":"provider[\"registry.opentofu.org/ubiquiti-community/unifi\"]","instances":[{"schema_version":0,"attributes":{"allow_existing":true,"blocked":false,"display_name":null,"fixed_ap_mac":null,"fixed_ip":"192.168.1.236","groups":["Fernando"],"hostname":"XuruPad","id":"69a999476946c204363d7d95","local_dns_record":null,"mac":"70:72:fe:c5:b2:2f","name":null,"network_id":null,"note":null,"qos_rate":null,"site":"default","skip_forget_on_destroy":false},"sensitive_attributes":[]}]},{"mode":"managed","type":"unifi_client","name":"xuru_phone","provider":"provider[\"registry.opentofu.org/ubiquiti-community/unifi\"]","instances":[{"schema_version":0,"attributes":{"allow_existing":true,"blocked":false,"display_name":null,"fixed_ap_mac":null,"fixed_ip":"192.168.1.32","groups":["Fernando"],"hostname":"XuruPhone","id":"69a98d5736f16200c0caa52b","local_dns_record":null,"mac":"68:44:65:4e:24:33","name":null,"network_id":null,"note":null,"qos_rate":null,"site":"default","skip_forget_on_destroy":false},"sensitive_attributes":[]}]},{"mode":"managed","type":"unifi_client","name":"xurupi","provider":"provider[\"registry.opentofu.org/ubiquiti-community/unifi\"]","instances":[{"schema_version":0,"attributes":{"allow_existing":true,"blocked":false,"display_name":null,"fixed_ap_mac":null,"fixed_ip":"192.168.1.100","groups":["Fernando"],"hostname":"xurupi","id":"69a990c66946c204363d73c1","local_dns_record":null,"mac":"dc:a6:32:c3:dc:9e","name":"XuruPi","network_id":null,"note":null,"qos_rate":null,"site":"default","skip_forget_on_destroy":false},"sensitive_attributes":[]}]},{"mode":"managed","type":"unifi_network","name":"default","provider":"provider[\"registry.opentofu.org/ubiquiti-community/unifi\"]","instances":[{"schema_version":0,"attributes":{"auto_scale":false,"dhcp_guarding":null,"dhcp_relay":null,"dhcp_server":{"boot":{"enabled":false,"filename":null,"server":""},"conflict_checking":true,"dns_enabled":false,"dns_servers":null,"enabled":true,"gateway_enabled":false,"leasetime":86400,"ntp_enabled":false,"start":"192.168.1.6","stop":"192.168.1.254","tftp_server":null,"time_offset_enabled":false,"unifi_controller":null,"wins":{"addresses":null,"enabled":false},"wpad_url":null},"domain_name":"localdomain","enabled":true,"gateway_type":"default","id":"69a98d2336f16200c0caa518","igmp_snooping":true,"internet_access":true,"ip_aliases":null,"ipv6_aliases":null,"ipv6_interface_type":"none","lte_lan":true,"multicast_dns":true,"name":"Default","nat_outbound_ip_addresses":null,"network_isolation":false,"setting_preference":"manual","site":"default","subnet":"192.168.1.1/24","third_party_gateway":false,"vlan":null},"sensitive_attributes":[]}]},{"mode":"managed","type":"unifi_network","name":"iot","provider":"provider[\"registry.opentofu.org/ubiquiti-community/unifi\"]","instances":[{"schema_version":0,"attributes":{"auto_scale":true,"dhcp_guarding":null,"dhcp_relay":null,"dhcp_server":{"boot":{"enabled":false,"filename":null,"server":""},"conflict_checking":true,"dns_enabled":false,"dns_servers":null,"enabled":true,"gateway_enabled":false,"leasetime":86400,"ntp_enabled":false,"start":"192.168.10.6","stop":"192.168.10.254","tftp_server":null,"time_offset_enabled":false,"unifi_controller":null,"wins":{"addresses":null,"enabled":false},"wpad_url":null},"domain_name":"","enabled":true,"gateway_type":"default","id":"69b5f2afef023e51a17910e7","igmp_snooping":false,"internet_access":true,"ip_aliases":null,"ipv6_aliases":null,"ipv6_interface_type":"none","lte_lan":true,"multicast_dns":true,"name":"IoT","nat_outbound_ip_addresses":null,"network_isolation":true,"setting_preference":"auto","site":"default","subnet":"192.168.10.1/24","third_party_gateway":false,"vlan":2},"sensitive_attributes":[]}]},{"mode":"managed","type":"unifi_setting","name":"default","provider":"provider[\"registry.opentofu.org/ubiquiti-community/unifi\"]","instances":[{"schema_version":0,"attributes":{"id":"default","mgmt":null,"radius":null,"site":"default","usg":null},"sensitive_attributes":[]}]},{"mode":"managed","type":"unifi_wlan","name":"cerio","provider":"provider[\"registry.opentofu.org/ubiquiti-community/unifi\"]","instances":[{"schema_version":0,"attributes":{"ap_group_ids":["69a98d2436f16200c0caa51e"],"ap_group_mode":"all","bss_transition":true,"enabled":true,"fast_roaming_enabled":true,"hide_ssid":false,"id":"69aa4b69fbb89e7fa41e3f35","is_guest":false,"l2_isolation":false,"mac_filter":{"enabled":false,"list":null,"policy":"deny"},"minimum_data_rate_2g_kbps":1000,"minimum_data_rate_5g_kbps":6000,"minrate_setting_preference":"auto","multicast_enhance":true,"name":"Cerio","nas_identifier_type":"bssid","network_id":"69a98d2336f16200c0caa518","no2ghz_oui":true,"passphrase":"lissando","pmf_mode":"required","proxy_arp":true,"radius_profile_id":null,"schedule":[],"security":"wpapsk","site":"default","uapsd":true,"user_group_id":"69a98d2336f16200c0caa519","vlan":null,"vlan_enabled":false,"wlan_band":"5g","wlan_bands":["5g","6g"],"wpa3_support":true,"wpa3_transition":false},"sensitive_attributes":[[{"type":"get_attr","value":"passphrase"}]],"dependencies":["data.unifi_ap_group.default","data.unifi_client_qos_rate.default","unifi_network.default"]}]},{"mode":"managed","type":"unifi_wlan","name":"felis","provider":"provider[\"registry.opentofu.org/ubiquiti-community/unifi\"]","instances":[{"schema_version":0,"attributes":{"ap_group_ids":["69a98d2436f16200c0caa51e"],"ap_group_mode":"all","bss_transition":true,"enabled":true,"fast_roaming_enabled":true,"hide_ssid":false,"id":"69a9959e6946c204363d7a8e","is_guest":false,"l2_isolation":false,"mac_filter":{"enabled":false,"list":null,"policy":"deny"},"minimum_data_rate_2g_kbps":1000,"minimum_data_rate_5g_kbps":6000,"minrate_setting_preference":"auto","multicast_enhance":true,"name":"Felis","nas_identifier_type":"bssid","network_id":"69a98d2336f16200c0caa518","no2ghz_oui":false,"passphrase":"lissando","pmf_mode":"optional","proxy_arp":true,"radius_profile_id":null,"schedule":[],"security":"wpapsk","site":"default","uapsd":false,"user_group_id":"69a98d2336f16200c0caa519","vlan":null,"vlan_enabled":false,"wlan_band":"5g","wlan_bands":["5g","6g"],"wpa3_support":true,"wpa3_transition":true},"sensitive_attributes":[[{"type":"get_attr","value":"passphrase"}]],"dependencies":["data.unifi_ap_group.default","data.unifi_client_qos_rate.default","unifi_network.default"]}]},{"mode":"managed","type":"unifi_wlan","name":"trizte","provider":"provider[\"registry.opentofu.org/ubiquiti-community/unifi\"]","instances":[{"schema_version":0,"attributes":{"ap_group_ids":["69a98d2436f16200c0caa51e"],"ap_group_mode":"all","bss_transition":true,"enabled":true,"fast_roaming_enabled":false,"hide_ssid":false,"id":"69a995c26946c204363d7ad7","is_guest":false,"l2_isolation":false,"mac_filter":{"enabled":false,"list":null,"policy":"deny"},"minimum_data_rate_2g_kbps":1000,"minimum_data_rate_5g_kbps":6000,"minrate_setting_preference":"auto","multicast_enhance":false,"name":"Trizte","nas_identifier_type":"bssid","network_id":"69a98d2336f16200c0caa518","no2ghz_oui":false,"passphrase":"lissando","pmf_mode":"optional","proxy_arp":false,"radius_profile_id":null,"schedule":[],"security":"wpapsk","site":"default","uapsd":false,"user_group_id":"69a98d2336f16200c0caa519","vlan":null,"vlan_enabled":false,"wlan_band":"2g","wlan_bands":["2g"],"wpa3_support":true,"wpa3_transition":true},"sensitive_attributes":[[{"type":"get_attr","value":"passphrase"}]],"dependencies":["data.unifi_ap_group.default","data.unifi_client_qos_rate.default","unifi_network.default"]}]}],"check_results":null}
